
Microsoft Visual Studio Solution File, Format Version 12.00
# Visual Studio Version 17
VisualStudioVersion = 17.9.34607.119
MinimumVisualStudioVersion = 10.0.40219.1
Project("{FAE04EC0-301F-11D3-BF4B-00C04F79EFBC}") = "Madbus", "Madbus\Madbus.csproj", "{82C3D78A-E40F-4B96-AA67-0A9750102ED0}"
EndProject
Global
	GlobalSection(SolutionConfigurationPlatforms) = preSolution
		Debug|Any CPU = Debug|Any CPU
		Release|Any CPU = Release|Any CPU
	EndGlobalSection
	GlobalSection(ProjectConfigurationPlatforms) = postSolution
		{82C3D78A-E40F-4B96-AA67-0A9750102ED0}.Debug|Any CPU.ActiveCfg = Debug|Any CPU
		{82C3D78A-E40F-4B96-AA67-0A9750102ED0}.Debug|Any CPU.Build.0 = Debug|Any CPU
		{82C3D78A-E40F-4B96-AA67-0A9750102ED0}.Release|Any CPU.ActiveCfg = Release|Any CPU
		{82C3D78A-E40F-4B96-AA67-0A9750102ED0}.Release|Any CPU.Build.0 = Release|Any CPU
	EndGlobalSection
	GlobalSection(SolutionProperties) = preSolution
		HideSolutionNode = FALSE
	EndGlobalSection
	GlobalSection(ExtensibilityGlobals) = postSolution
		SolutionGuid = {61DB8A01-DBB6-4E4E-8D76-4BB93DB54459}
	EndGlobalSection
EndGlobal
